// !$*UTF8*$!
{
	archiveVersion = 1;
	classes = {
	};
	objectVersion = 56;
	objects = {

/* Begin PBXBuildFile section */
		22EABF612C9BBD800086370F /* Save_DataApp.swift in Sources */ = {isa = PBXBuildFile; fileRef = 22EABF602C9BBD800086370F /* Save_DataApp.swift */; };
		22EABF632C9BBD800086370F /* ContentView2.swift in Sources */ = {isa = PBXBuildFile; fileRef = 22EABF622C9BBD800086370F /* ContentView2.swift */; };
		22EABF652C9BBD820086370F /* Assets.xcassets in Resources */ = {isa = PBXBuildFile; fileRef = 22EABF642C9BBD820086370F /* Assets.xcassets */; };
		22EABF682C9BBD820086370F /* Preview Assets.xcassets in Resources */ = {isa = PBXBuildFile; fileRef = 22EABF672C9BBD820086370F /* Preview Assets.xcassets */; };
		22EABF702C9BBF110086370F /* TodoList_CoreData.xcdatamodeld in Sources */ = {isa = PBXBuildFile; fileRef = 22EABF6E2C9BBF110086370F /* TodoList_CoreData.xcdatamodeld */; };
		22EABF722C9BBFC10086370F /* Persistence.swift in Sources */ = {isa = PBXBuildFile; fileRef = 22EABF712C9BBFC10086370F /* Persistence.swift */; };
		22EABF742C9BD82C0086370F /* TodoItem.swift in Sources */ = {isa = PBXBuildFile; fileRef = 22EABF732C9BD82C0086370F /* TodoItem.swift */; };
		22EABF762C9BDACA0086370F /* ContenView.swift in Sources */ = {isa = PBXBuildFile; fileRef = 22EABF752C9BDACA0086370F /* ContenView.swift */; };
/* End PBXBuildFile section */

/* Begin PBXFileReference section */
		22EABF5D2C9BBD800086370F /* Save_Data.app */ = {isa = PBXFileReference; explicitFileType = wrapper.application; includeInIndex = 0; path = Save_Data.app; sourceTree = BUILT_PRODUCTS_DIR; };
		22EABF602C9BBD800086370F /* Save_DataApp.swift */ = {isa = PBXFileReference; lastKnownFileType = sourcecode.swift; path = Save_DataApp.swift; sourceTree = "<group>"; };
		22EABF622C9BBD800086370F /* ContentView2.swift */ = {isa = PBXFileReference; lastKnownFileType = sourcecode.swift; path = ContentView2.swift; sourceTree = "<group>"; };
		22EABF642C9BBD820086370F /* Assets.xcassets */ = {isa = PBXFileReference; lastKnownFileType = folder.assetcatalog; path = Assets.xcassets; sourceTree = "<group>"; };
		22EABF672C9BBD820086370F /* Preview Assets.xcassets */ = {isa = PBXFileReference; lastKnownFileType = folder.assetcatalog; path = "Preview Assets.xcassets"; sourceTree = "<group>"; };
		22EABF6F2C9BBF110086370F /* TodoList_CoreData.xcdatamodel */ = {isa = PBXFileReference; lastKnownFileType = wrapper.xcdatamodel; path = TodoList_CoreData.xcdatamodel; sourceTree = "<group>"; };
		22EABF712C9BBFC10086370F /* Persistence.swift */ = {isa = PBXFileReference; lastKnownFileType = sourcecode.swift; path = Persistence.swift; sourceTree = "<group>"; };
		22EABF732C9BD82C0086370F /* TodoItem.swift */ = {isa = PBXFileReference; lastKnownFileType = sourcecode.swift; path = TodoItem.swift; sourceTree = "<group>"; };
		22EABF752C9BDACA0086370F /* ContenView.swift */ = {isa = PBXFileReference; lastKnownFileType = sourcecode.swift; path = ContenView.swift; sourceTree = "<group>"; };
/* End PBXFileReference section */

/* Begin PBXFrameworksBuildPhase section */
		22EABF5A2C9BBD800086370F /* Frameworks */ = {
			isa = PBXFrameworksBuildPhase;
			buildActionMask = 2147483647;
			files = (
			);
			runOnlyForDeploymentPostprocessing = 0;
		};
/* End PBXFrameworksBuildPhase section */

/* Begin PBXGroup section */
		22EABF542C9BBD800086370F = {
			isa = PBXGroup;
			children = (
				22EABF6E2C9BBF110086370F /* TodoList_CoreData.xcdatamodeld */,
				22EABF5F2C9BBD800086370F /* Save_Data */,
				22EABF5E2C9BBD800086370F /* Products */,
			);
			sourceTree = "<group>";
		};
		22EABF5E2C9BBD800086370F /* Products */ = {
			isa = PBXGroup;
			children = (
				22EABF5D2C9BBD800086370F /* Save_Data.app */,
			);
			name = Products;
			sourceTree = "<group>";
		};
		22EABF5F2C9BBD800086370F /* Save_Data */ = {
			isa = PBXGroup;
			children = (
				22EABF602C9BBD800086370F /* Save_DataApp.swift */,
				22EABF622C9BBD800086370F /* ContentView2.swift */,
				22EABF642C9BBD820086370F /* Assets.xcassets */,
				22EABF662C9BBD820086370F /* Preview Content */,
				22EABF712C9BBFC10086370F /* Persistence.swift */,
				22EABF732C9BD82C0086370F /* TodoItem.swift */,
				22EABF752C9BDACA0086370F /* ContenView.swift */,
			);
			path = Save_Data;
			sourceTree = "<group>";
		};
		22EABF662C9BBD820086370F /* Preview Content */ = {
			isa = PBXGroup;
			children = (
				22EABF672C9BBD820086370F /* Preview Assets.xcassets */,
			);
			path = "Preview Content";
			sourceTree = "<group>";
		};
/* End PBXGroup section */

/* Begin PBXNativeTarget section */
		22EABF5C2C9BBD800086370F /* Save_Data */ = {
			isa = PBXNativeTarget;
			buildConfigurationList = 22EABF6B2C9BBD820086370F /* Build configuration list for PBXNativeTarget "Save_Data" */;
			buildPhases = (
				22EABF592C9BBD800086370F /* Sources */,
				22EABF5A2C9BBD800086370F /* Frameworks */,
				22EABF5B2C9BBD800086370F /* Resources */,
			);
			buildRules = (
			);
			dependencies = (
			);
			name = Save_Data;
			productName = Save_Data;
			productReference = 22EABF5D2C9BBD800086370F /* Save_Data.app */;
			productType = "com.apple.product-type.application";
		};
/* End PBXNativeTarget section */

/* Begin PBXProject section */
		22EABF552C9BBD800086370F /* Project object */ = {
			isa = PBXProject;
			attributes = {
				BuildIndependentTargetsInParallel = 1;
				LastSwiftUpdateCheck = 1520;
				LastUpgradeCheck = 1520;
				TargetAttributes = {
					22EABF5C2C9BBD800086370F = {
						CreatedOnToolsVersion = 15.2;
					};
				};
			};
			buildConfigurationList = 22EABF582C9BBD800086370F /* Build configuration list for PBXProject "Save_Data" */;
			compatibilityVersion = "Xcode 14.0";
			developmentRegion = en;
			hasScannedForEncodings = 0;
			knownRegions = (
				en,
				Base,
			);
			mainGroup = 22EABF542C9BBD800086370F;
			productRefGroup = 22EABF5E2C9BBD800086370F /* Products */;
			projectDirPath = "";
			projectRoot = "";
			targets = (
				22EABF5C2C9BBD800086370F /* Save_Data */,
			);
		};
/* End PBXProject section */

/* Begin PBXResourcesBuildPhase section */
		22EABF5B2C9BBD800086370F /* Resources */ = {
			isa = PBXResourcesBuildPhase;
			buildActionMask = 2147483647;
			files = (
				22EABF682C9BBD820086370F /* Preview Assets.xcassets in Resources */,
				22EABF652C9BBD820086370F /* Assets.xcassets in Resources */,
			);
			runOnlyForDeploymentPostprocessing = 0;
		};
/* End PBXResourcesBuildPhase section */

/* Begin PBXSourcesBuildPhase section */
		22EABF592C9BBD800086370F /* Sources */ = {
			isa = PBXSourcesBuildPhase;
			buildActionMask = 2147483647;
			files = (
				22EABF742C9BD82C0086370F /* TodoItem.swift in Sources */,
				22EABF632C9BBD800086370F /* ContentView2.swift in Sources */,
				22EABF722C9BBFC10086370F /* Persistence.swift in Sources */,
				22EABF762C9BDACA0086370F /* ContenView.swift in Sources */,
				22EABF702C9BBF110086370F /* TodoList_CoreData.xcdatamodeld in Sources */,
				22EABF612C9BBD800086370F /* Save_DataApp.swift in Sources */,
			);
			runOnlyForDeploymentPostprocessing = 0;
		};
/* End PBXSourcesBuildPhase section */

/* Begin XCBuildConfiguration section */
		22EABF692C9BBD820086370F /* Debug */ = {
			isa = XCBuildConfiguration;
			buildSettings = {
				ALWAYS_SEARCH_USER_PATHS = NO;
				ASSETCATALOG_COMPILER_GENERATE_SWIFT_ASSET_SYMBOL_EXTENSIONS = YES;
				CLANG_ANALYZER_NONNULL = YES;
				CLANG_ANALYZER_NUMBER_OBJECT_CONVERSION = YES_AGGRESSIVE;
				CLANG_CXX_LANGUAGE_STANDARD = "gnu++20";
				CLANG_ENABLE_MODULES = YES;
				CLANG_ENABLE_OBJC_ARC = YES;
				CLANG_ENABLE_OBJC_WEAK = YES;
				CLANG_WARN_BLOCK_CAPTURE_AUTORELEASING = YES;
				CLANG_WARN_BOOL_CONVERSION = YES;
				CLANG_WARN_COMMA = YES;
				CLANG_WARN_CONSTANT_CONVERSION = YES;
				CLANG_WARN_DEPRECATED_OBJC_IMPLEMENTATIONS = YES;
				CLANG_WARN_DIRECT_OBJC_ISA_USAGE = YES_ERROR;
				CLANG_WARN_DOCUMENTATION_COMMENTS = YES;
				CLANG_WARN_EMPTY_BODY = YES;
				CLANG_WARN_ENUM_CONVERSION = YES;
				CLANG_WARN_INFINITE_RECURSION = YES;
				CLANG_WARN_INT_CONVERSION = YES;
				CLANG_WARN_NON_LITERAL_NULL_CONVERSION = YES;
				CLANG_WARN_OBJC_IMPLICIT_RETAIN_SELF = YES;
				CLANG_WARN_OBJC_LITERAL_CONVERSION = YES;
				CLANG_WARN_OBJC_ROOT_CLASS = YES_ERROR;
				CLANG_WARN_QUOTED_INCLUDE_IN_FRAMEWORK_HEADER = YES;
				CLANG_WARN_RANGE_LOOP_ANALYSIS = YES;
				CLANG_WARN_STRICT_PROTOTYPES = YES;
				CLANG_WARN_SUSPICIOUS_MOVE = YES;
				CLANG_WARN_UNGUARDED_AVAILABILITY = YES_AGGRESSIVE;
				CLANG_WARN_UNREACHABLE_CODE = YES;
				CLANG_WARN__DUPLICATE_METHOD_MATCH = YES;
				COPY_PHASE_STRIP = NO;
				DEBUG_INFORMATION_FORMAT = dwarf;
				ENABLE_STRICT_OBJC_MSGSEND = YES;
				ENABLE_TESTABILITY = YES;
				ENABLE_USER_SCRIPT_SANDBOXING = YES;
				GCC_C_LANGUAGE_STANDARD = gnu17;
				GCC_DYNAMIC_NO_PIC = NO;
				GCC_NO_COMMON_BLOCKS = YES;
				GCC_OPTIMIZATION_LEVEL = 0;
				GCC_PREPROCESSOR_DEFINITIONS = (
					"DEBUG=1",
					"$(inherited)",
				);
				GCC_WARN_64_TO_32_BIT_CONVERSION = YES;
				GCC_WARN_ABOUT_RETURN_TYPE = YES_ERROR;
				GCC_WARN_UNDECLARED_SELECTOR = YES;
				GCC_WARN_UNINITIALIZED_AUTOS = YES_AGGRESSIVE;
				GCC_WARN_UNUSED_FUNCTION = YES;
				GCC_WARN_UNUSED_VARIABLE = YES;
				IPHONEOS_DEPLOYMENT_TARGET = 17.2;
				LOCALIZATION_PREFERS_STRING_CATALOGS = YES;
				MTL_ENABLE_DEBUG_INFO = INCLUDE_SOURCE;
				MTL_FAST_MATH = YES;
				ONLY_ACTIVE_ARCH = YES;
				SDKROOT = iphoneos;
				SWIFT_ACTIVE_COMPILATION_CONDITIONS = "DEBUG $(inherited)";
				SWIFT_OPTIMIZATION_LEVEL = "-Onone";
			};
			name = Debug;
		};
		22EABF6A2C9BBD820086370F /* Release */ = {
			isa = XCBuildConfiguration;
			buildSettings = {
				ALWAYS_SEARCH_USER_PATHS = NO;
				ASSETCATALOG_COMPILER_GENERATE_SWIFT_ASSET_SYMBOL_EXTENSIONS = YES;
				CLANG_ANALYZER_NONNULL = YES;
				CLANG_ANALYZER_NUMBER_OBJECT_CONVERSION = YES_AGGRESSIVE;
				CLANG_CXX_LANGUAGE_STANDARD = "gnu++20";
				CLANG_ENABLE_MODULES = YES;
				CLANG_ENABLE_OBJC_ARC = YES;
				CLANG_ENABLE_OBJC_WEAK = YES;
				CLANG_WARN_BLOCK_CAPTURE_AUTORELEASING = YES;
				CLANG_WARN_BOOL_CONVERSION = YES;
				CLANG_WARN_COMMA = YES;
				CLANG_WARN_CONSTANT_CONVERSION = YES;
				CLANG_WARN_DEPRECATED_OBJC_IMPLEMENTATIONS = YES;
				CLANG_WARN_DIRECT_OBJC_ISA_USAGE = YES_ERROR;
				CLANG_WARN_DOCUMENTATION_COMMENTS = YES;
				CLANG_WARN_EMPTY_BODY = YES;
				CLANG_WARN_ENUM_CONVERSION = YES;
				CLANG_WARN_INFINITE_RECURSION = YES;
				CLANG_WARN_INT_CONVERSION = YES;
				CLANG_WARN_NON_LITERAL_NULL_CONVERSION = YES;
				CLANG_WARN_OBJC_IMPLICIT_RETAIN_SELF = YES;
				CLANG_WARN_OBJC_LITERAL_CONVERSION = YES;
				CLANG_WARN_OBJC_ROOT_CLASS = YES_ERROR;
				CLANG_WARN_QUOTED_INCLUDE_IN_FRAMEWORK_HEADER = YES;
				CLANG_WARN_RANGE_LOOP_ANALYSIS = YES;
				CLANG_WARN_STRICT_PROTOTYPES = YES;
				CLANG_WARN_SUSPICIOUS_MOVE = YES;
				CLANG_WARN_UNGUARDED_AVAILABILITY = YES_AGGRESSIVE;
				CLANG_WARN_UNREACHABLE_CODE = YES;
				CLANG_WARN__DUPLICATE_METHOD_MATCH = YES;
				COPY_PHASE_STRIP = NO;
				DEBUG_INFORMATION_FORMAT = "dwarf-with-dsym";
				ENABLE_NS_ASSERTIONS = NO;
				ENABLE_STRICT_OBJC_MSGSEND = YES;
				ENABLE_USER_SCRIPT_SANDBOXING = YES;
				GCC_C_LANGUAGE_STANDARD = gnu17;
				GCC_NO_COMMON_BLOCKS = YES;
				GCC_WARN_64_TO_32_BIT_CONVERSION = YES;
				GCC_WARN_ABOUT_RETURN_TYPE = YES_ERROR;
				GCC_WARN_UNDECLARED_SELECTOR = YES;
				GCC_WARN_UNINITIALIZED_AUTOS = YES_AGGRESSIVE;
				GCC_WARN_UNUSED_FUNCTION = YES;
				GCC_WARN_UNUSED_VARIABLE = YES;
				IPHONEOS_DEPLOYMENT_TARGET = 17.2;
				LOCALIZATION_PREFERS_STRING_CATALOGS = YES;
				MTL_ENABLE_DEBUG_INFO = NO;
				MTL_FAST_MATH = YES;
				SDKROOT = iphoneos;
				SWIFT_COMPILATION_MODE = wholemodule;
				VALIDATE_PRODUCT = YES;
			};
			name = Release;
		};
		22EABF6C2C9BBD820086370F /* Debug */ = {
			isa = XCBuildConfiguration;
			buildSettings = {
				ASSETCATALOG_COMPILER_APPICON_NAME = AppIcon;
				ASSETCATALOG_COMPILER_GLOBAL_ACCENT_COLOR_NAME = AccentColor;
				CODE_SIGN_STYLE = Automatic;
				CURRENT_PROJECT_VERSION = 1;
				DEVELOPMENT_ASSET_PATHS = "\"Save_Data/Preview Content\"";
				ENABLE_PREVIEWS = YES;
				GENERATE_INFOPLIST_FILE = YES;
				INFOPLIST_KEY_UIApplicationSceneManifest_Generation = YES;
				INFOPLIST_KEY_UIApplicationSupportsIndirectInputEvents = YES;
				INFOPLIST_KEY_UILaunchScreen_Generation = YES;
				INFOPLIST_KEY_UISupportedInterfaceOrientations_iPad = "UIInterfaceOrientationPortrait UIInterfaceOrientationPortraitUpsideDown UIInterfaceOrientationLandscapeLeft UIInterfaceOrientationLandscapeRight";
				INFOPLIST_KEY_UISupportedInterfaceOrientations_iPhone = "UIInterfaceOrientationPortrait UIInterfaceOrientationLandscapeLeft UIInterfaceOrientationLandscapeRight";
				LD_RUNPATH_SEARCH_PATHS = (
					"$(inherited)",
					"@executable_path/Frameworks",
				);
				MARKETING_VERSION = 1.0;
				PRODUCT_BUNDLE_IDENTIFIER = "Steve-Jobs.Save-Data";
				PRODUCT_NAME = "$(TARGET_NAME)";
				SWIFT_EMIT_LOC_STRINGS = YES;
				SWIFT_VERSION = 5.0;
				TARGETED_DEVICE_FAMILY = "1,2";
			};
			name = Debug;
		};
		22EABF6D2C9BBD820086370F /* Release */ = {
			isa = XCBuildConfiguration;
			buildSettings = {
				ASSETCATALOG_COMPILER_APPICON_NAME = AppIcon;
				ASSETCATALOG_COMPILER_GLOBAL_ACCENT_COLOR_NAME = AccentColor;
				CODE_SIGN_STYLE = Automatic;
				CURRENT_PROJECT_VERSION = 1;
				DEVELOPMENT_ASSET_PATHS = "\"Save_Data/Preview Content\"";
				ENABLE_PREVIEWS = YES;
				GENERATE_INFOPLIST_FILE = YES;
				INFOPLIST_KEY_UIApplicationSceneManifest_Generation = YES;
				INFOPLIST_KEY_UIApplicationSupportsIndirectInputEvents = YES;
				INFOPLIST_KEY_UILaunchScreen_Generation = YES;
				INFOPLIST_KEY_UISupportedInterfaceOrientations_iPad = "UIInterfaceOrientationPortrait UIInterfaceOrientationPortraitUpsideDown UIInterfaceOrientationLandscapeLeft UIInterfaceOrientationLandscapeRight";
				INFOPLIST_KEY_UISupportedInterfaceOrientations_iPhone = "UIInterfaceOrientationPortrait UIInterfaceOrientationLandscapeLeft UIInterfaceOrientationLandscapeRight";
				LD_RUNPATH_SEARCH_PATHS = (
					"$(inherited)",
					"@executable_path/Frameworks",
				);
				MARKETING_VERSION = 1.0;
				PRODUCT_BUNDLE_IDENTIFIER = "Steve-Jobs.Save-Data";
				PRODUCT_NAME = "$(TARGET_NAME)";
				SWIFT_EMIT_LOC_STRINGS = YES;
				SWIFT_VERSION = 5.0;
				TARGETED_DEVICE_FAMILY = "1,2";
			};
			name = Release;
		};
/* End XCBuildConfiguration section */

/* Begin XCConfigurationList section */
		22EABF582C9BBD800086370F /* Build configuration list for PBXProject "Save_Data" */ = {
			isa = XCConfigurationList;
			buildConfigurations = (
				22EABF692C9BBD820086370F /* Debug */,
				22EABF6A2C9BBD820086370F /* Release */,
			);
			defaultConfigurationIsVisible = 0;
			defaultConfigurationName = Release;
		};
		22EABF6B2C9BBD820086370F /* Build configuration list for PBXNativeTarget "Save_Data" */ = {
			isa = XCConfigurationList;
			buildConfigurations = (
				22EABF6C2C9BBD820086370F /* Debug */,
				22EABF6D2C9BBD820086370F /* Release */,
			);
			defaultConfigurationIsVisible = 0;
			defaultConfigurationName = Release;
		};
/* End XCConfigurationList section */

/* Begin XCVersionGroup section */
		22EABF6E2C9BBF110086370F /* TodoList_CoreData.xcdatamodeld */ = {
			isa = XCVersionGroup;
			children = (
				22EABF6F2C9BBF110086370F /* TodoList_CoreData.xcdatamodel */,
			);
			currentVersion = 22EABF6F2C9BBF110086370F /* TodoList_CoreData.xcdatamodel */;
			path = TodoList_CoreData.xcdatamodeld;
			sourceTree = "<group>";
			versionGroupType = wrapper.xcdatamodel;
		};
/* End XCVersionGroup section */
	};
	rootObject = 22EABF552C9BBD800086370F /* Project object */;
}
